
Microsoft Visual Studio Solution File, Format Version 12.00
# Visual Studio Version 17
VisualStudioVersion = 17.2.32630.192
MinimumVisualStudioVersion = 10.0.40219.1
Project("{2150E333-8FDC-42A3-9474-1A3956D46DE8}") = "CustomersDesign", "CustomersDesign", "{8AA9CBB3-3783-4618-94C9-22BC03AC026B}"
EndProject
Project("{FAE04EC0-301F-11D3-BF4B-00C04F79EFBC}") = "Wpf_Customer", "Wpf_Customer\Wpf_Customer.csproj", "{87F6CBE5-CD84-4B9E-8A2D-A14CADD46FA6}"
EndProject
Global
	GlobalSection(SolutionConfigurationPlatforms) = preSolution
		Debug|Any CPU = Debug|Any CPU
		Release|Any CPU = Release|Any CPU
	EndGlobalSection
	GlobalSection(ProjectConfigurationPlatforms) = postSolution
		{87F6CBE5-CD84-4B9E-8A2D-A14CADD46FA6}.Debug|Any CPU.ActiveCfg = Debug|Any CPU
		{87F6CBE5-CD84-4B9E-8A2D-A14CADD46FA6}.Debug|Any CPU.Build.0 = Debug|Any CPU
		{87F6CBE5-CD84-4B9E-8A2D-A14CADD46FA6}.Release|Any CPU.ActiveCfg = Release|Any CPU
		{87F6CBE5-CD84-4B9E-8A2D-A14CADD46FA6}.Release|Any CPU.Build.0 = Release|Any CPU
	EndGlobalSection
	GlobalSection(SolutionProperties) = preSolution
		HideSolutionNode = FALSE
	EndGlobalSection
	GlobalSection(NestedProjects) = preSolution
		{87F6CBE5-CD84-4B9E-8A2D-A14CADD46FA6} = {8AA9CBB3-3783-4618-94C9-22BC03AC026B}
	EndGlobalSection
	GlobalSection(ExtensibilityGlobals) = postSolution
		SolutionGuid = {AB70DB13-1CD4-4B3C-9A3E-AAA5F7A65FEF}
	EndGlobalSection
EndGlobal
