
Microsoft Visual Studio Solution File, Format Version 12.00
# Visual Studio Version 17
VisualStudioVersion = 17.2.32630.192
MinimumVisualStudioVersion = 10.0.40219.1
Project("{9A19103F-16F7-4668-BE54-9A1E7A4F7556}") = "WpfCustomControlLibrary1", "WpfCustomControlLibrary1\WpfCustomControlLibrary1.csproj", "{FBC7FAA7-0DDB-426E-93B3-6FB7E2D339BD}"
EndProject
Project("{9A19103F-16F7-4668-BE54-9A1E7A4F7556}") = "WpfCustomControlLibrary2", "WpfCustomControlLibrary2\WpfCustomControlLibrary2.csproj", "{54207441-BCE7-4365-AE77-743A3951A92B}"
EndProject
Project("{9A19103F-16F7-4668-BE54-9A1E7A4F7556}") = "StructAndClass", "StructAndClass\StructAndClass.csproj", "{759247FA-1482-4A67-9B42-89F53E8DA289}"
EndProject
Project("{9A19103F-16F7-4668-BE54-9A1E7A4F7556}") = "StaticStudy", "StaticStudy\StaticStudy.csproj", "{DFE7B905-EB8A-440E-9591-9B93F2739A5F}"
EndProject
Project("{9A19103F-16F7-4668-BE54-9A1E7A4F7556}") = "VectorTest.UnitTests", "VectorTest.UnitTests\VectorTest.UnitTests.csproj", "{D3E92BDB-930F-4B10-ADC4-2721130CDD75}"
EndProject
Project("{9A19103F-16F7-4668-BE54-9A1E7A4F7556}") = "MatrixTests.UnitTests", "MatrixTests.UnitTests\MatrixTests.UnitTests.csproj", "{EC39A872-E113-42E9-96A1-706638F8951A}"
EndProject
Project("{9A19103F-16F7-4668-BE54-9A1E7A4F7556}") = "Transformation2D", "Transformation2D\Transformation2D.csproj", "{B1FBA415-5612-4527-B719-50EEEFC2CA54}"
EndProject
Project("{9A19103F-16F7-4668-BE54-9A1E7A4F7556}") = "CustomStructs", "CustomStructs\CustomStructs.csproj", "{40F445E7-4D74-45A1-9E2B-90B91405332D}"
EndProject
Project("{9A19103F-16F7-4668-BE54-9A1E7A4F7556}") = "Wpf_Dependency_Properties", "Wpf_Dependency_Properties\Wpf_Dependency_Properties.csproj", "{88A04F81-87B1-46B6-8873-F1FD79A7B002}"
EndProject
Project("{9A19103F-16F7-4668-BE54-9A1E7A4F7556}") = "Wpf_Counter_Dp", "Wpf_Counter_Dp\Wpf_Counter_Dp.csproj", "{27A70316-7AC4-4589-800C-4C2A2E2830B4}"
EndProject
Project("{2150E333-8FDC-42A3-9474-1A3956D46DE8}") = "Styling", "Styling", "{40241872-DCD5-4435-BE77-5553433F5B6B}"
EndProject
Project("{9A19103F-16F7-4668-BE54-9A1E7A4F7556}") = "Wpf_Styling_Dp", "Wpf_Styling_Dp\Wpf_Styling_Dp.csproj", "{B9F3BED9-9A11-4633-A77C-460E1D470E93}"
EndProject
Project("{2150E333-8FDC-42A3-9474-1A3956D46DE8}") = "Trigger", "Trigger", "{E613AD50-1496-4CA1-945B-B3344AB148DA}"
EndProject
Project("{9A19103F-16F7-4668-BE54-9A1E7A4F7556}") = "Wpf_Trigger_Dp", "Wpf_Trigger_Dp\Wpf_Trigger_Dp.csproj", "{1227B77D-1CFD-4F6C-B9FC-F49AFF4C6850}"
EndProject
Project("{2150E333-8FDC-42A3-9474-1A3956D46DE8}") = "RoutedEvent", "RoutedEvent", "{D30E5FFD-EB8B-4B88-83F4-0BCFEF330A08}"
EndProject
Project("{9A19103F-16F7-4668-BE54-9A1E7A4F7556}") = "Wpf_RoutedEv", "Wpf_RoutedEv\Wpf_RoutedEv.csproj", "{1A4E803A-E9C2-4236-A7A5-0893E3D491FD}"
EndProject
Project("{2150E333-8FDC-42A3-9474-1A3956D46DE8}") = "DataBinding", "DataBinding", "{8DE3894A-3F29-4B2D-AF46-F2E221A7708B}"
EndProject
Project("{9A19103F-16F7-4668-BE54-9A1E7A4F7556}") = "Wpf_DataBinding", "Wpf_DataBinding\Wpf_DataBinding.csproj", "{E018C65D-25D2-4B96-A65B-E40D91302C9E}"
EndProject
Project("{2150E333-8FDC-42A3-9474-1A3956D46DE8}") = "Templates", "Templates", "{8B019523-16DB-4B2A-B54D-8231E7EB853C}"
EndProject
Project("{9A19103F-16F7-4668-BE54-9A1E7A4F7556}") = "Wpf_Templates", "Wpf_Templates\Wpf_Templates.csproj", "{C90D7C62-70CD-4C95-9CBD-8B332A316C05}"
EndProject
Project("{2150E333-8FDC-42A3-9474-1A3956D46DE8}") = "DataContext", "DataContext", "{14F70F3E-9BF7-4B51-8DA1-20780B19EA5F}"
EndProject
Project("{9A19103F-16F7-4668-BE54-9A1E7A4F7556}") = "Wpf_DataContext", "Wpf_DataContext\Wpf_DataContext.csproj", "{6E69388F-2CD2-4E85-B49A-97DA9CBED66C}"
EndProject
Project("{9A19103F-16F7-4668-BE54-9A1E7A4F7556}") = "Wpf_DataTemplate", "Wpf_DataTemplate\Wpf_DataTemplate.csproj", "{E7309D3F-8890-465D-87C6-AB6B2319EFA7}"
EndProject
Project("{FAE04EC0-301F-11D3-BF4B-00C04F79EFBC}") = "AnalogClockControl", "AnalogClockControl\AnalogClockControl.csproj", "{C23C22E7-DB39-4799-852D-3E4A2C0AE38D}"
EndProject
Global
	GlobalSection(SolutionConfigurationPlatforms) = preSolution
		Debug|Any CPU = Debug|Any CPU
		Release|Any CPU = Release|Any CPU
	EndGlobalSection
	GlobalSection(ProjectConfigurationPlatforms) = postSolution
		{FBC7FAA7-0DDB-426E-93B3-6FB7E2D339BD}.Debug|Any CPU.ActiveCfg = Debug|Any CPU
		{FBC7FAA7-0DDB-426E-93B3-6FB7E2D339BD}.Debug|Any CPU.Build.0 = Debug|Any CPU
		{FBC7FAA7-0DDB-426E-93B3-6FB7E2D339BD}.Release|Any CPU.ActiveCfg = Release|Any CPU
		{FBC7FAA7-0DDB-426E-93B3-6FB7E2D339BD}.Release|Any CPU.Build.0 = Release|Any CPU
		{54207441-BCE7-4365-AE77-743A3951A92B}.Debug|Any CPU.ActiveCfg = Debug|Any CPU
		{54207441-BCE7-4365-AE77-743A3951A92B}.Debug|Any CPU.Build.0 = Debug|Any CPU
		{54207441-BCE7-4365-AE77-743A3951A92B}.Release|Any CPU.ActiveCfg = Release|Any CPU
		{54207441-BCE7-4365-AE77-743A3951A92B}.Release|Any CPU.Build.0 = Release|Any CPU
		{759247FA-1482-4A67-9B42-89F53E8DA289}.Debug|Any CPU.ActiveCfg = Debug|Any CPU
		{759247FA-1482-4A67-9B42-89F53E8DA289}.Debug|Any CPU.Build.0 = Debug|Any CPU
		{759247FA-1482-4A67-9B42-89F53E8DA289}.Release|Any CPU.ActiveCfg = Release|Any CPU
		{759247FA-1482-4A67-9B42-89F53E8DA289}.Release|Any CPU.Build.0 = Release|Any CPU
		{DFE7B905-EB8A-440E-9591-9B93F2739A5F}.Debug|Any CPU.ActiveCfg = Debug|Any CPU
		{DFE7B905-EB8A-440E-9591-9B93F2739A5F}.Debug|Any CPU.Build.0 = Debug|Any CPU
		{DFE7B905-EB8A-440E-9591-9B93F2739A5F}.Release|Any CPU.ActiveCfg = Release|Any CPU
		{DFE7B905-EB8A-440E-9591-9B93F2739A5F}.Release|Any CPU.Build.0 = Release|Any CPU
		{D3E92BDB-930F-4B10-ADC4-2721130CDD75}.Debug|Any CPU.ActiveCfg = Debug|Any CPU
		{D3E92BDB-930F-4B10-ADC4-2721130CDD75}.Debug|Any CPU.Build.0 = Debug|Any CPU
		{D3E92BDB-930F-4B10-ADC4-2721130CDD75}.Release|Any CPU.ActiveCfg = Release|Any CPU
		{D3E92BDB-930F-4B10-ADC4-2721130CDD75}.Release|Any CPU.Build.0 = Release|Any CPU
		{EC39A872-E113-42E9-96A1-706638F8951A}.Debug|Any CPU.ActiveCfg = Debug|Any CPU
		{EC39A872-E113-42E9-96A1-706638F8951A}.Debug|Any CPU.Build.0 = Debug|Any CPU
		{EC39A872-E113-42E9-96A1-706638F8951A}.Release|Any CPU.ActiveCfg = Release|Any CPU
		{EC39A872-E113-42E9-96A1-706638F8951A}.Release|Any CPU.Build.0 = Release|Any CPU
		{B1FBA415-5612-4527-B719-50EEEFC2CA54}.Debug|Any CPU.ActiveCfg = Debug|Any CPU
		{B1FBA415-5612-4527-B719-50EEEFC2CA54}.Debug|Any CPU.Build.0 = Debug|Any CPU
		{B1FBA415-5612-4527-B719-50EEEFC2CA54}.Release|Any CPU.ActiveCfg = Release|Any CPU
		{B1FBA415-5612-4527-B719-50EEEFC2CA54}.Release|Any CPU.Build.0 = Release|Any CPU
		{40F445E7-4D74-45A1-9E2B-90B91405332D}.Debug|Any CPU.ActiveCfg = Debug|Any CPU
		{40F445E7-4D74-45A1-9E2B-90B91405332D}.Debug|Any CPU.Build.0 = Debug|Any CPU
		{40F445E7-4D74-45A1-9E2B-90B91405332D}.Release|Any CPU.ActiveCfg = Release|Any CPU
		{40F445E7-4D74-45A1-9E2B-90B91405332D}.Release|Any CPU.Build.0 = Release|Any CPU
		{88A04F81-87B1-46B6-8873-F1FD79A7B002}.Debug|Any CPU.ActiveCfg = Debug|Any CPU
		{88A04F81-87B1-46B6-8873-F1FD79A7B002}.Debug|Any CPU.Build.0 = Debug|Any CPU
		{88A04F81-87B1-46B6-8873-F1FD79A7B002}.Release|Any CPU.ActiveCfg = Release|Any CPU
		{88A04F81-87B1-46B6-8873-F1FD79A7B002}.Release|Any CPU.Build.0 = Release|Any CPU
		{27A70316-7AC4-4589-800C-4C2A2E2830B4}.Debug|Any CPU.ActiveCfg = Debug|Any CPU
		{27A70316-7AC4-4589-800C-4C2A2E2830B4}.Debug|Any CPU.Build.0 = Debug|Any CPU
		{27A70316-7AC4-4589-800C-4C2A2E2830B4}.Release|Any CPU.ActiveCfg = Release|Any CPU
		{27A70316-7AC4-4589-800C-4C2A2E2830B4}.Release|Any CPU.Build.0 = Release|Any CPU
		{B9F3BED9-9A11-4633-A77C-460E1D470E93}.Debug|Any CPU.ActiveCfg = Debug|Any CPU
		{B9F3BED9-9A11-4633-A77C-460E1D470E93}.Debug|Any CPU.Build.0 = Debug|Any CPU
		{B9F3BED9-9A11-4633-A77C-460E1D470E93}.Release|Any CPU.ActiveCfg = Release|Any CPU
		{B9F3BED9-9A11-4633-A77C-460E1D470E93}.Release|Any CPU.Build.0 = Release|Any CPU
		{1227B77D-1CFD-4F6C-B9FC-F49AFF4C6850}.Debug|Any CPU.ActiveCfg = Debug|Any CPU
		{1227B77D-1CFD-4F6C-B9FC-F49AFF4C6850}.Debug|Any CPU.Build.0 = Debug|Any CPU
		{1227B77D-1CFD-4F6C-B9FC-F49AFF4C6850}.Release|Any CPU.ActiveCfg = Release|Any CPU
		{1227B77D-1CFD-4F6C-B9FC-F49AFF4C6850}.Release|Any CPU.Build.0 = Release|Any CPU
		{1A4E803A-E9C2-4236-A7A5-0893E3D491FD}.Debug|Any CPU.ActiveCfg = Debug|Any CPU
		{1A4E803A-E9C2-4236-A7A5-0893E3D491FD}.Debug|Any CPU.Build.0 = Debug|Any CPU
		{1A4E803A-E9C2-4236-A7A5-0893E3D491FD}.Release|Any CPU.ActiveCfg = Release|Any CPU
		{1A4E803A-E9C2-4236-A7A5-0893E3D491FD}.Release|Any CPU.Build.0 = Release|Any CPU
		{E018C65D-25D2-4B96-A65B-E40D91302C9E}.Debug|Any CPU.ActiveCfg = Debug|Any CPU
		{E018C65D-25D2-4B96-A65B-E40D91302C9E}.Debug|Any CPU.Build.0 = Debug|Any CPU
		{E018C65D-25D2-4B96-A65B-E40D91302C9E}.Release|Any CPU.ActiveCfg = Release|Any CPU
		{E018C65D-25D2-4B96-A65B-E40D91302C9E}.Release|Any CPU.Build.0 = Release|Any CPU
		{C90D7C62-70CD-4C95-9CBD-8B332A316C05}.Debug|Any CPU.ActiveCfg = Debug|Any CPU
		{C90D7C62-70CD-4C95-9CBD-8B332A316C05}.Debug|Any CPU.Build.0 = Debug|Any CPU
		{C90D7C62-70CD-4C95-9CBD-8B332A316C05}.Release|Any CPU.ActiveCfg = Release|Any CPU
		{C90D7C62-70CD-4C95-9CBD-8B332A316C05}.Release|Any CPU.Build.0 = Release|Any CPU
		{6E69388F-2CD2-4E85-B49A-97DA9CBED66C}.Debug|Any CPU.ActiveCfg = Debug|Any CPU
		{6E69388F-2CD2-4E85-B49A-97DA9CBED66C}.Debug|Any CPU.Build.0 = Debug|Any CPU
		{6E69388F-2CD2-4E85-B49A-97DA9CBED66C}.Release|Any CPU.ActiveCfg = Release|Any CPU
		{6E69388F-2CD2-4E85-B49A-97DA9CBED66C}.Release|Any CPU.Build.0 = Release|Any CPU
		{E7309D3F-8890-465D-87C6-AB6B2319EFA7}.Debug|Any CPU.ActiveCfg = Debug|Any CPU
		{E7309D3F-8890-465D-87C6-AB6B2319EFA7}.Debug|Any CPU.Build.0 = Debug|Any CPU
		{E7309D3F-8890-465D-87C6-AB6B2319EFA7}.Release|Any CPU.ActiveCfg = Release|Any CPU
		{E7309D3F-8890-465D-87C6-AB6B2319EFA7}.Release|Any CPU.Build.0 = Release|Any CPU
		{C23C22E7-DB39-4799-852D-3E4A2C0AE38D}.Debug|Any CPU.ActiveCfg = Debug|Any CPU
		{C23C22E7-DB39-4799-852D-3E4A2C0AE38D}.Debug|Any CPU.Build.0 = Debug|Any CPU
		{C23C22E7-DB39-4799-852D-3E4A2C0AE38D}.Release|Any CPU.ActiveCfg = Release|Any CPU
		{C23C22E7-DB39-4799-852D-3E4A2C0AE38D}.Release|Any CPU.Build.0 = Release|Any CPU
	EndGlobalSection
	GlobalSection(SolutionProperties) = preSolution
		HideSolutionNode = FALSE
	EndGlobalSection
	GlobalSection(NestedProjects) = preSolution
		{B9F3BED9-9A11-4633-A77C-460E1D470E93} = {40241872-DCD5-4435-BE77-5553433F5B6B}
		{1227B77D-1CFD-4F6C-B9FC-F49AFF4C6850} = {E613AD50-1496-4CA1-945B-B3344AB148DA}
		{1A4E803A-E9C2-4236-A7A5-0893E3D491FD} = {D30E5FFD-EB8B-4B88-83F4-0BCFEF330A08}
		{E018C65D-25D2-4B96-A65B-E40D91302C9E} = {8DE3894A-3F29-4B2D-AF46-F2E221A7708B}
		{C90D7C62-70CD-4C95-9CBD-8B332A316C05} = {8B019523-16DB-4B2A-B54D-8231E7EB853C}
		{6E69388F-2CD2-4E85-B49A-97DA9CBED66C} = {14F70F3E-9BF7-4B51-8DA1-20780B19EA5F}
		{E7309D3F-8890-465D-87C6-AB6B2319EFA7} = {8B019523-16DB-4B2A-B54D-8231E7EB853C}
		{C23C22E7-DB39-4799-852D-3E4A2C0AE38D} = {8B019523-16DB-4B2A-B54D-8231E7EB853C}
	EndGlobalSection
	GlobalSection(ExtensibilityGlobals) = postSolution
		SolutionGuid = {AB70DB13-1CD4-4B3C-9A3E-AAA5F7A65FEF}
	EndGlobalSection
EndGlobal
